// !$*UTF8*$!
{
	archiveVersion = 1;
	classes = {
	};
	objectVersion = 56;
	objects = {

/* Begin PBXBuildFile section */
		1450012B2EB7CF1D00D32834 /* Drink.swift in Sources */ = {isa = PBXBuildFile; fileRef = 145001262EB7CF1D00D32834 /* Drink.swift */; };
		1450012C2EB7CF1D00D32834 /* WeightUnit.swift in Sources */ = {isa = PBXBuildFile; fileRef = 145001292EB7CF1D00D32834 /* WeightUnit.swift */; };
		1450012D2EB7CF1D00D32834 /* DrinkType.swift in Sources */ = {isa = PBXBuildFile; fileRef = 145001272EB7CF1D00D32834 /* DrinkType.swift */; };
		1450012E2EB7CF1D00D32834 /* UserProfile.swift in Sources */ = {isa = PBXBuildFile; fileRef = 145001282EB7CF1D00D32834 /* UserProfile.swift */; };
		1450012F2EB7CF1D00D32834 /* BiologicalGender.swift in Sources */ = {isa = PBXBuildFile; fileRef = 145001252EB7CF1D00D32834 /* BiologicalGender.swift */; };
		145001332EB7CF2E00D32834 /* BACCalculator.swift in Sources */ = {isa = PBXBuildFile; fileRef = 145001302EB7CF2E00D32834 /* BACCalculator.swift */; };
		145001342EB7CF2E00D32834 /* PersistenceManager.swift in Sources */ = {isa = PBXBuildFile; fileRef = 145001312EB7CF2E00D32834 /* PersistenceManager.swift */; };
		145001382EB7CF3D00D32834 /* ProfileViewModel.swift in Sources */ = {isa = PBXBuildFile; fileRef = 145001362EB7CF3D00D32834 /* ProfileViewModel.swift */; };
		145001392EB7CF3D00D32834 /* BACViewModel.swift in Sources */ = {isa = PBXBuildFile; fileRef = 145001352EB7CF3D00D32834 /* BACViewModel.swift */; };
		145001412EB7CF5300D32834 /* ProfileView.swift in Sources */ = {isa = PBXBuildFile; fileRef = 1450013F2EB7CF5300D32834 /* ProfileView.swift */; };
		145001422EB7CF5300D32834 /* AddDrinkView.swift in Sources */ = {isa = PBXBuildFile; fileRef = 1450013B2EB7CF5300D32834 /* AddDrinkView.swift */; };
		145001432EB7CF5300D32834 /* MainTabView.swift in Sources */ = {isa = PBXBuildFile; fileRef = 1450013E2EB7CF5300D32834 /* MainTabView.swift */; };
		145001442EB7CF5300D32834 /* BACGraphView.swift in Sources */ = {isa = PBXBuildFile; fileRef = 1450013C2EB7CF5300D32834 /* BACGraphView.swift */; };
		145001452EB7CF5300D32834 /* HomeView.swift in Sources */ = {isa = PBXBuildFile; fileRef = 1450013D2EB7CF5300D32834 /* HomeView.swift */; };
		145001472EB83EEF00D32834 /* SettingsView.swift in Sources */ = {isa = PBXBuildFile; fileRef = 145001462EB83EEF00D32834 /* SettingsView.swift */; };
		145001492EB8461700D32834 /* DrinkingSession.swift in Sources */ = {isa = PBXBuildFile; fileRef = 145001482EB8461700D32834 /* DrinkingSession.swift */; };
		1450014B2EB8464F00D32834 /* SessionHistoryViewModel.swift in Sources */ = {isa = PBXBuildFile; fileRef = 1450014A2EB8464F00D32834 /* SessionHistoryViewModel.swift */; };
		1450014D2EB8466800D32834 /* MiniGraphPreview.swift in Sources */ = {isa = PBXBuildFile; fileRef = 1450014C2EB8466800D32834 /* MiniGraphPreview.swift */; };
		145001502EB8467C00D32834 /* SessionDetailView.swift in Sources */ = {isa = PBXBuildFile; fileRef = 1450014E2EB8467C00D32834 /* SessionDetailView.swift */; };
		145001512EB8467C00D32834 /* SessionRowView.swift in Sources */ = {isa = PBXBuildFile; fileRef = 1450014F2EB8467C00D32834 /* SessionRowView.swift */; };
		145001622EBC0FE200D32834 /* ContributionChart in Frameworks */ = {isa = PBXBuildFile; productRef = 145001612EBC0FE200D32834 /* ContributionChart */; };
		145001652EBC437700D32834 /* GoogleMobileAds in Frameworks */ = {isa = PBXBuildFile; productRef = 145001642EBC437700D32834 /* GoogleMobileAds */; };
		145001682EBC4B7F00D32834 /* BannerAdView.swift in Sources */ = {isa = PBXBuildFile; fileRef = 145001672EBC4B7F00D32834 /* BannerAdView.swift */; };
		1450016A2EBC4B9400D32834 /* AdManager.swift in Sources */ = {isa = PBXBuildFile; fileRef = 145001692EBC4B9400D32834 /* AdManager.swift */; };
		1450016E2EBD4EC600D32834 /* HeaderView.swift in Sources */ = {isa = PBXBuildFile; fileRef = 1450016D2EBD4EC600D32834 /* HeaderView.swift */; };
		145001712EBD977700D32834 /* PurchaseManager.swift in Sources */ = {isa = PBXBuildFile; fileRef = 145001702EBD977700D32834 /* PurchaseManager.swift */; };
		145001732EC126CB00D32834 /* MockData.swift in Sources */ = {isa = PBXBuildFile; fileRef = 145001722EC126CB00D32834 /* MockData.swift */; };
		145001772EC13FFA00D32834 /* BACApp2.icon in Resources */ = {isa = PBXBuildFile; fileRef = 145001762EC13FFA00D32834 /* BACApp2.icon */; };
		145001792EC1432500D32834 /* stock-man.jpg in Resources */ = {isa = PBXBuildFile; fileRef = 145001782EC1432500D32834 /* stock-man.jpg */; };
		1450017B2EC364B800D32834 /* BACApp3.icon in Resources */ = {isa = PBXBuildFile; fileRef = 1450017A2EC364B800D32834 /* BACApp3.icon */; };
		14DB30AC2C0FD1890050A6A9 /* BetterBACApp.swift in Sources */ = {isa = PBXBuildFile; fileRef = 14DB30AB2C0FD1890050A6A9 /* BetterBACApp.swift */; };
		14DB30B02C0FD18A0050A6A9 /* Assets.xcassets in Resources */ = {isa = PBXBuildFile; fileRef = 14DB30AF2C0FD18A0050A6A9 /* Assets.xcassets */; };
		14DB30B32C0FD18A0050A6A9 /* Preview Assets.xcassets in Resources */ = {isa = PBXBuildFile; fileRef = 14DB30B22C0FD18A0050A6A9 /* Preview Assets.xcassets */; };
		14FD63622EC4D39B00F8C8FB /* BACApp4.icon in Resources */ = {isa = PBXBuildFile; fileRef = 14FD63612EC4D39B00F8C8FB /* BACApp4.icon */; };
/* End PBXBuildFile section */

/* Begin PBXFileReference section */
		145001252EB7CF1D00D32834 /* BiologicalGender.swift */ = {isa = PBXFileReference; lastKnownFileType = sourcecode.swift; path = BiologicalGender.swift; sourceTree = "<group>"; };
		145001262EB7CF1D00D32834 /* Drink.swift */ = {isa = PBXFileReference; lastKnownFileType = sourcecode.swift; path = Drink.swift; sourceTree = "<group>"; };
		145001272EB7CF1D00D32834 /* DrinkType.swift */ = {isa = PBXFileReference; lastKnownFileType = sourcecode.swift; path = DrinkType.swift; sourceTree = "<group>"; };
		145001282EB7CF1D00D32834 /* UserProfile.swift */ = {isa = PBXFileReference; lastKnownFileType = sourcecode.swift; path = UserProfile.swift; sourceTree = "<group>"; };
		145001292EB7CF1D00D32834 /* WeightUnit.swift */ = {isa = PBXFileReference; lastKnownFileType = sourcecode.swift; path = WeightUnit.swift; sourceTree = "<group>"; };
		145001302EB7CF2E00D32834 /* BACCalculator.swift */ = {isa = PBXFileReference; lastKnownFileType = sourcecode.swift; path = BACCalculator.swift; sourceTree = "<group>"; };
		145001312EB7CF2E00D32834 /* PersistenceManager.swift */ = {isa = PBXFileReference; lastKnownFileType = sourcecode.swift; path = PersistenceManager.swift; sourceTree = "<group>"; };
		145001352EB7CF3D00D32834 /* BACViewModel.swift */ = {isa = PBXFileReference; lastKnownFileType = sourcecode.swift; path = BACViewModel.swift; sourceTree = "<group>"; };
		145001362EB7CF3D00D32834 /* ProfileViewModel.swift */ = {isa = PBXFileReference; lastKnownFileType = sourcecode.swift; path = ProfileViewModel.swift; sourceTree = "<group>"; };
		1450013B2EB7CF5300D32834 /* AddDrinkView.swift */ = {isa = PBXFileReference; lastKnownFileType = sourcecode.swift; path = AddDrinkView.swift; sourceTree = "<group>"; };
		1450013C2EB7CF5300D32834 /* BACGraphView.swift */ = {isa = PBXFileReference; lastKnownFileType = sourcecode.swift; path = BACGraphView.swift; sourceTree = "<group>"; };
		1450013D2EB7CF5300D32834 /* HomeView.swift */ = {isa = PBXFileReference; lastKnownFileType = sourcecode.swift; path = HomeView.swift; sourceTree = "<group>"; };
		1450013E2EB7CF5300D32834 /* MainTabView.swift */ = {isa = PBXFileReference; lastKnownFileType = sourcecode.swift; path = MainTabView.swift; sourceTree = "<group>"; };
		1450013F2EB7CF5300D32834 /* ProfileView.swift */ = {isa = PBXFileReference; lastKnownFileType = sourcecode.swift; path = ProfileView.swift; sourceTree = "<group>"; };
		145001462EB83EEF00D32834 /* SettingsView.swift */ = {isa = PBXFileReference; lastKnownFileType = sourcecode.swift; path = SettingsView.swift; sourceTree = "<group>"; };
		145001482EB8461700D32834 /* DrinkingSession.swift */ = {isa = PBXFileReference; lastKnownFileType = sourcecode.swift; path = DrinkingSession.swift; sourceTree = "<group>"; };
		1450014A2EB8464F00D32834 /* SessionHistoryViewModel.swift */ = {isa = PBXFileReference; lastKnownFileType = sourcecode.swift; path = SessionHistoryViewModel.swift; sourceTree = "<group>"; };
		1450014C2EB8466800D32834 /* MiniGraphPreview.swift */ = {isa = PBXFileReference; lastKnownFileType = sourcecode.swift; path = MiniGraphPreview.swift; sourceTree = "<group>"; };
		1450014E2EB8467C00D32834 /* SessionDetailView.swift */ = {isa = PBXFileReference; lastKnownFileType = sourcecode.swift; path = SessionDetailView.swift; sourceTree = "<group>"; };
		1450014F2EB8467C00D32834 /* SessionRowView.swift */ = {isa = PBXFileReference; lastKnownFileType = sourcecode.swift; path = SessionRowView.swift; sourceTree = "<group>"; };
		145001662EBC46F200D32834 /* Info.plist */ = {isa = PBXFileReference; lastKnownFileType = text.plist; path = Info.plist; sourceTree = "<group>"; };
		145001672EBC4B7F00D32834 /* BannerAdView.swift */ = {isa = PBXFileReference; lastKnownFileType = sourcecode.swift; path = BannerAdView.swift; sourceTree = "<group>"; };
		145001692EBC4B9400D32834 /* AdManager.swift */ = {isa = PBXFileReference; lastKnownFileType = sourcecode.swift; path = AdManager.swift; sourceTree = "<group>"; };
		1450016D2EBD4EC600D32834 /* HeaderView.swift */ = {isa = PBXFileReference; lastKnownFileType = sourcecode.swift; path = HeaderView.swift; sourceTree = "<group>"; };
		1450016F2EBD96A500D32834 /* BetterBAC.storekit */ = {isa = PBXFileReference; lastKnownFileType = text; path = BetterBAC.storekit; sourceTree = "<group>"; };
		145001702EBD977700D32834 /* PurchaseManager.swift */ = {isa = PBXFileReference; lastKnownFileType = sourcecode.swift; path = PurchaseManager.swift; sourceTree = "<group>"; };
		145001722EC126CB00D32834 /* MockData.swift */ = {isa = PBXFileReference; lastKnownFileType = sourcecode.swift; path = MockData.swift; sourceTree = "<group>"; };
		145001762EC13FFA00D32834 /* BACApp2.icon */ = {isa = PBXFileReference; lastKnownFileType = folder.iconcomposer.icon; path = BACApp2.icon; sourceTree = "<group>"; };
		145001782EC1432500D32834 /* stock-man.jpg */ = {isa = PBXFileReference; lastKnownFileType = image.jpeg; path = "stock-man.jpg"; sourceTree = "<group>"; };
		1450017A2EC364B800D32834 /* BACApp3.icon */ = {isa = PBXFileReference; lastKnownFileType = folder.iconcomposer.icon; path = BACApp3.icon; sourceTree = "<group>"; };
		14DB30A82C0FD1890050A6A9 /* BetterBAC.app */ = {isa = PBXFileReference; explicitFileType = wrapper.application; includeInIndex = 0; path = BetterBAC.app; sourceTree = BUILT_PRODUCTS_DIR; };
		14DB30AB2C0FD1890050A6A9 /* BetterBACApp.swift */ = {isa = PBXFileReference; lastKnownFileType = sourcecode.swift; path = BetterBACApp.swift; sourceTree = "<group>"; };
		14DB30AF2C0FD18A0050A6A9 /* Assets.xcassets */ = {isa = PBXFileReference; lastKnownFileType = folder.assetcatalog; path = Assets.xcassets; sourceTree = "<group>"; };
		14DB30B22C0FD18A0050A6A9 /* Preview Assets.xcassets */ = {isa = PBXFileReference; lastKnownFileType = folder.assetcatalog; path = "Preview Assets.xcassets"; sourceTree = "<group>"; };
		14FD63612EC4D39B00F8C8FB /* BACApp4.icon */ = {isa = PBXFileReference; lastKnownFileType = folder.iconcomposer.icon; path = BACApp4.icon; sourceTree = "<group>"; };
/* End PBXFileReference section */

/* Begin PBXFrameworksBuildPhase section */
		14DB30A52C0FD1890050A6A9 /* Frameworks */ = {
			isa = PBXFrameworksBuildPhase;
			buildActionMask = 2147483647;
			files = (
				145001652EBC437700D32834 /* GoogleMobileAds in Frameworks */,
				145001622EBC0FE200D32834 /* ContributionChart in Frameworks */,
			);
			runOnlyForDeploymentPostprocessing = 0;
		};
/* End PBXFrameworksBuildPhase section */

/* Begin PBXGroup section */
		145001242EB7CF1000D32834 /* Managers */ = {
			isa = PBXGroup;
			children = (
				145001702EBD977700D32834 /* PurchaseManager.swift */,
				145001692EBC4B9400D32834 /* AdManager.swift */,
			);
			path = Managers;
			sourceTree = "<group>";
		};
		1450012A2EB7CF1D00D32834 /* Models */ = {
			isa = PBXGroup;
			children = (
				145001252EB7CF1D00D32834 /* BiologicalGender.swift */,
				145001262EB7CF1D00D32834 /* Drink.swift */,
				145001482EB8461700D32834 /* DrinkingSession.swift */,
				145001272EB7CF1D00D32834 /* DrinkType.swift */,
				145001282EB7CF1D00D32834 /* UserProfile.swift */,
				145001292EB7CF1D00D32834 /* WeightUnit.swift */,
			);
			path = Models;
			sourceTree = "<group>";
		};
		145001322EB7CF2E00D32834 /* Utilities */ = {
			isa = PBXGroup;
			children = (
				145001302EB7CF2E00D32834 /* BACCalculator.swift */,
				145001312EB7CF2E00D32834 /* PersistenceManager.swift */,
			);
			path = Utilities;
			sourceTree = "<group>";
		};
		145001372EB7CF3D00D32834 /* ViewModels */ = {
			isa = PBXGroup;
			children = (
				145001352EB7CF3D00D32834 /* BACViewModel.swift */,
				1450014A2EB8464F00D32834 /* SessionHistoryViewModel.swift */,
				145001362EB7CF3D00D32834 /* ProfileViewModel.swift */,
			);
			path = ViewModels;
			sourceTree = "<group>";
		};
		1450013A2EB7CF5300D32834 /* Components */ = {
			isa = PBXGroup;
			children = (
				145001672EBC4B7F00D32834 /* BannerAdView.swift */,
			);
			path = Components;
			sourceTree = "<group>";
		};
		145001402EB7CF5300D32834 /* Views */ = {
			isa = PBXGroup;
			children = (
				1450013A2EB7CF5300D32834 /* Components */,
				1450013B2EB7CF5300D32834 /* AddDrinkView.swift */,
				1450013C2EB7CF5300D32834 /* BACGraphView.swift */,
				1450013D2EB7CF5300D32834 /* HomeView.swift */,
				1450014C2EB8466800D32834 /* MiniGraphPreview.swift */,
				1450014E2EB8467C00D32834 /* SessionDetailView.swift */,
				1450014F2EB8467C00D32834 /* SessionRowView.swift */,
				1450013E2EB7CF5300D32834 /* MainTabView.swift */,
				145001462EB83EEF00D32834 /* SettingsView.swift */,
				1450013F2EB7CF5300D32834 /* ProfileView.swift */,
				1450016D2EBD4EC600D32834 /* HeaderView.swift */,
			);
			path = Views;
			sourceTree = "<group>";
		};
		14DB309F2C0FD1890050A6A9 = {
			isa = PBXGroup;
			children = (
				1450016F2EBD96A500D32834 /* BetterBAC.storekit */,
				14DB30AA2C0FD1890050A6A9 /* BetterBAC */,
				14DB30A92C0FD1890050A6A9 /* Products */,
				145001762EC13FFA00D32834 /* BACApp2.icon */,
				1450017A2EC364B800D32834 /* BACApp3.icon */,
				14FD63612EC4D39B00F8C8FB /* BACApp4.icon */,
			);
			sourceTree = "<group>";
		};
		14DB30A92C0FD1890050A6A9 /* Products */ = {
			isa = PBXGroup;
			children = (
				14DB30A82C0FD1890050A6A9 /* BetterBAC.app */,
			);
			name = Products;
			sourceTree = "<group>";
		};
		14DB30AA2C0FD1890050A6A9 /* BetterBAC */ = {
			isa = PBXGroup;
			children = (
				145001662EBC46F200D32834 /* Info.plist */,
				145001402EB7CF5300D32834 /* Views */,
				145001372EB7CF3D00D32834 /* ViewModels */,
				145001322EB7CF2E00D32834 /* Utilities */,
				1450012A2EB7CF1D00D32834 /* Models */,
				145001242EB7CF1000D32834 /* Managers */,
				14DB30AB2C0FD1890050A6A9 /* BetterBACApp.swift */,
				14DB30AF2C0FD18A0050A6A9 /* Assets.xcassets */,
				14DB30B12C0FD18A0050A6A9 /* Preview Content */,
			);
			path = BetterBAC;
			sourceTree = "<group>";
		};
		14DB30B12C0FD18A0050A6A9 /* Preview Content */ = {
			isa = PBXGroup;
			children = (
				145001782EC1432500D32834 /* stock-man.jpg */,
				145001722EC126CB00D32834 /* MockData.swift */,
				14DB30B22C0FD18A0050A6A9 /* Preview Assets.xcassets */,
			);
			path = "Preview Content";
			sourceTree = "<group>";
		};
/* End PBXGroup section */

/* Begin PBXNativeTarget section */
		14DB30A72C0FD1890050A6A9 /* BetterBAC */ = {
			isa = PBXNativeTarget;
			buildConfigurationList = 14DB30B62C0FD18A0050A6A9 /* Build configuration list for PBXNativeTarget "BetterBAC" */;
			buildPhases = (
				14DB30A42C0FD1890050A6A9 /* Sources */,
				14DB30A52C0FD1890050A6A9 /* Frameworks */,
				14DB30A62C0FD1890050A6A9 /* Resources */,
			);
			buildRules = (
			);
			dependencies = (
			);
			name = BetterBAC;
			productName = BetterBAC;
			productReference = 14DB30A82C0FD1890050A6A9 /* BetterBAC.app */;
			productType = "com.apple.product-type.application";
		};
/* End PBXNativeTarget section */

/* Begin PBXProject section */
		14DB30A02C0FD1890050A6A9 /* Project object */ = {
			isa = PBXProject;
			attributes = {
				BuildIndependentTargetsInParallel = 1;
				LastSwiftUpdateCheck = 1540;
				LastUpgradeCheck = 2600;
				TargetAttributes = {
					14DB30A72C0FD1890050A6A9 = {
						CreatedOnToolsVersion = 15.4;
					};
				};
			};
			buildConfigurationList = 14DB30A32C0FD1890050A6A9 /* Build configuration list for PBXProject "BetterBAC" */;
			compatibilityVersion = "Xcode 14.0";
			developmentRegion = en;
			hasScannedForEncodings = 0;
			knownRegions = (
				en,
				Base,
			);
			mainGroup = 14DB309F2C0FD1890050A6A9;
			packageReferences = (
				145001602EBC0FE200D32834 /* XCRemoteSwiftPackageReference "SwiftUI-ContributionChart" */,
				145001632EBC437700D32834 /* XCRemoteSwiftPackageReference "swift-package-manager-google-mobile-ads" */,
			);
			productRefGroup = 14DB30A92C0FD1890050A6A9 /* Products */;
			projectDirPath = "";
			projectRoot = "";
			targets = (
				14DB30A72C0FD1890050A6A9 /* BetterBAC */,
			);
		};
/* End PBXProject section */

/* Begin PBXResourcesBuildPhase section */
		14DB30A62C0FD1890050A6A9 /* Resources */ = {
			isa = PBXResourcesBuildPhase;
			buildActionMask = 2147483647;
			files = (
				14FD63622EC4D39B00F8C8FB /* BACApp4.icon in Resources */,
				145001772EC13FFA00D32834 /* BACApp2.icon in Resources */,
				145001792EC1432500D32834 /* stock-man.jpg in Resources */,
				1450017B2EC364B800D32834 /* BACApp3.icon in Resources */,
				14DB30B32C0FD18A0050A6A9 /* Preview Assets.xcassets in Resources */,
				14DB30B02C0FD18A0050A6A9 /* Assets.xcassets in Resources */,
			);
			runOnlyForDeploymentPostprocessing = 0;
		};
/* End PBXResourcesBuildPhase section */

/* Begin PBXSourcesBuildPhase section */
		14DB30A42C0FD1890050A6A9 /* Sources */ = {
			isa = PBXSourcesBuildPhase;
			buildActionMask = 2147483647;
			files = (
				145001332EB7CF2E00D32834 /* BACCalculator.swift in Sources */,
				145001342EB7CF2E00D32834 /* PersistenceManager.swift in Sources */,
				145001502EB8467C00D32834 /* SessionDetailView.swift in Sources */,
				145001732EC126CB00D32834 /* MockData.swift in Sources */,
				145001512EB8467C00D32834 /* SessionRowView.swift in Sources */,
				14DB30AC2C0FD1890050A6A9 /* BetterBACApp.swift in Sources */,
				1450012B2EB7CF1D00D32834 /* Drink.swift in Sources */,
				1450012C2EB7CF1D00D32834 /* WeightUnit.swift in Sources */,
				1450016E2EBD4EC600D32834 /* HeaderView.swift in Sources */,
				1450012D2EB7CF1D00D32834 /* DrinkType.swift in Sources */,
				1450012E2EB7CF1D00D32834 /* UserProfile.swift in Sources */,
				1450012F2EB7CF1D00D32834 /* BiologicalGender.swift in Sources */,
				145001412EB7CF5300D32834 /* ProfileView.swift in Sources */,
				145001472EB83EEF00D32834 /* SettingsView.swift in Sources */,
				145001492EB8461700D32834 /* DrinkingSession.swift in Sources */,
				145001712EBD977700D32834 /* PurchaseManager.swift in Sources */,
				145001422EB7CF5300D32834 /* AddDrinkView.swift in Sources */,
				1450014B2EB8464F00D32834 /* SessionHistoryViewModel.swift in Sources */,
				1450014D2EB8466800D32834 /* MiniGraphPreview.swift in Sources */,
				145001432EB7CF5300D32834 /* MainTabView.swift in Sources */,
				145001682EBC4B7F00D32834 /* BannerAdView.swift in Sources */,
				145001442EB7CF5300D32834 /* BACGraphView.swift in Sources */,
				145001452EB7CF5300D32834 /* HomeView.swift in Sources */,
				1450016A2EBC4B9400D32834 /* AdManager.swift in Sources */,
				145001382EB7CF3D00D32834 /* ProfileViewModel.swift in Sources */,
				145001392EB7CF3D00D32834 /* BACViewModel.swift in Sources */,
			);
			runOnlyForDeploymentPostprocessing = 0;
		};
/* End PBXSourcesBuildPhase section */

/* Begin XCBuildConfiguration section */
		14DB30B42C0FD18A0050A6A9 /* Debug */ = {
			isa = XCBuildConfiguration;
			buildSettings = {
				ALWAYS_SEARCH_USER_PATHS = NO;
				ASSETCATALOG_COMPILER_GENERATE_SWIFT_ASSET_SYMBOL_EXTENSIONS = YES;
				CLANG_ANALYZER_NONNULL = YES;
				CLANG_ANALYZER_NUMBER_OBJECT_CONVERSION = YES_AGGRESSIVE;
				CLANG_CXX_LANGUAGE_STANDARD = "gnu++20";
				CLANG_ENABLE_MODULES = YES;
				CLANG_ENABLE_OBJC_ARC = YES;
				CLANG_ENABLE_OBJC_WEAK = YES;
				CLANG_WARN_BLOCK_CAPTURE_AUTORELEASING = YES;
				CLANG_WARN_BOOL_CONVERSION = YES;
				CLANG_WARN_COMMA = YES;
				CLANG_WARN_CONSTANT_CONVERSION = YES;
				CLANG_WARN_DEPRECATED_OBJC_IMPLEMENTATIONS = YES;
				CLANG_WARN_DIRECT_OBJC_ISA_USAGE = YES_ERROR;
				CLANG_WARN_DOCUMENTATION_COMMENTS = YES;
				CLANG_WARN_EMPTY_BODY = YES;
				CLANG_WARN_ENUM_CONVERSION = YES;
				CLANG_WARN_INFINITE_RECURSION = YES;
				CLANG_WARN_INT_CONVERSION = YES;
				CLANG_WARN_NON_LITERAL_NULL_CONVERSION = YES;
				CLANG_WARN_OBJC_IMPLICIT_RETAIN_SELF = YES;
				CLANG_WARN_OBJC_LITERAL_CONVERSION = YES;
				CLANG_WARN_OBJC_ROOT_CLASS = YES_ERROR;
				CLANG_WARN_QUOTED_INCLUDE_IN_FRAMEWORK_HEADER = YES;
				CLANG_WARN_RANGE_LOOP_ANALYSIS = YES;
				CLANG_WARN_STRICT_PROTOTYPES = YES;
				CLANG_WARN_SUSPICIOUS_MOVE = YES;
				CLANG_WARN_UNGUARDED_AVAILABILITY = YES_AGGRESSIVE;
				CLANG_WARN_UNREACHABLE_CODE = YES;
				CLANG_WARN__DUPLICATE_METHOD_MATCH = YES;
				COPY_PHASE_STRIP = NO;
				DEBUG_INFORMATION_FORMAT = dwarf;
				DEVELOPMENT_TEAM = 3ZWQ27S93Y;
				ENABLE_STRICT_OBJC_MSGSEND = YES;
				ENABLE_TESTABILITY = YES;
				ENABLE_USER_SCRIPT_SANDBOXING = YES;
				GCC_C_LANGUAGE_STANDARD = gnu17;
				GCC_DYNAMIC_NO_PIC = NO;
				GCC_NO_COMMON_BLOCKS = YES;
				GCC_OPTIMIZATION_LEVEL = 0;
				GCC_PREPROCESSOR_DEFINITIONS = (
					"DEBUG=1",
					"$(inherited)",
				);
				GCC_WARN_64_TO_32_BIT_CONVERSION = YES;
				GCC_WARN_ABOUT_RETURN_TYPE = YES_ERROR;
				GCC_WARN_UNDECLARED_SELECTOR = YES;
				GCC_WARN_UNINITIALIZED_AUTOS = YES_AGGRESSIVE;
				GCC_WARN_UNUSED_FUNCTION = YES;
				GCC_WARN_UNUSED_VARIABLE = YES;
				IPHONEOS_DEPLOYMENT_TARGET = 17.5;
				LOCALIZATION_PREFERS_STRING_CATALOGS = YES;
				MTL_ENABLE_DEBUG_INFO = INCLUDE_SOURCE;
				MTL_FAST_MATH = YES;
				ONLY_ACTIVE_ARCH = YES;
				SDKROOT = iphoneos;
				STRING_CATALOG_GENERATE_SYMBOLS = YES;
				SWIFT_ACTIVE_COMPILATION_CONDITIONS = "DEBUG $(inherited)";
				SWIFT_OPTIMIZATION_LEVEL = "-Onone";
			};
			name = Debug;
		};
		14DB30B52C0FD18A0050A6A9 /* Release */ = {
			isa = XCBuildConfiguration;
			buildSettings = {
				ALWAYS_SEARCH_USER_PATHS = NO;
				ASSETCATALOG_COMPILER_GENERATE_SWIFT_ASSET_SYMBOL_EXTENSIONS = YES;
				CLANG_ANALYZER_NONNULL = YES;
				CLANG_ANALYZER_NUMBER_OBJECT_CONVERSION = YES_AGGRESSIVE;
				CLANG_CXX_LANGUAGE_STANDARD = "gnu++20";
				CLANG_ENABLE_MODULES = YES;
				CLANG_ENABLE_OBJC_ARC = YES;
				CLANG_ENABLE_OBJC_WEAK = YES;
				CLANG_WARN_BLOCK_CAPTURE_AUTORELEASING = YES;
				CLANG_WARN_BOOL_CONVERSION = YES;
				CLANG_WARN_COMMA = YES;
				CLANG_WARN_CONSTANT_CONVERSION = YES;
				CLANG_WARN_DEPRECATED_OBJC_IMPLEMENTATIONS = YES;
				CLANG_WARN_DIRECT_OBJC_ISA_USAGE = YES_ERROR;
				CLANG_WARN_DOCUMENTATION_COMMENTS = YES;
				CLANG_WARN_EMPTY_BODY = YES;
				CLANG_WARN_ENUM_CONVERSION = YES;
				CLANG_WARN_INFINITE_RECURSION = YES;
				CLANG_WARN_INT_CONVERSION = YES;
				CLANG_WARN_NON_LITERAL_NULL_CONVERSION = YES;
				CLANG_WARN_OBJC_IMPLICIT_RETAIN_SELF = YES;
				CLANG_WARN_OBJC_LITERAL_CONVERSION = YES;
				CLANG_WARN_OBJC_ROOT_CLASS = YES_ERROR;
				CLANG_WARN_QUOTED_INCLUDE_IN_FRAMEWORK_HEADER = YES;
				CLANG_WARN_RANGE_LOOP_ANALYSIS = YES;
				CLANG_WARN_STRICT_PROTOTYPES = YES;
				CLANG_WARN_SUSPICIOUS_MOVE = YES;
				CLANG_WARN_UNGUARDED_AVAILABILITY = YES_AGGRESSIVE;
				CLANG_WARN_UNREACHABLE_CODE = YES;
				CLANG_WARN__DUPLICATE_METHOD_MATCH = YES;
				COPY_PHASE_STRIP = NO;
				DEBUG_INFORMATION_FORMAT = "dwarf-with-dsym";
				DEVELOPMENT_TEAM = 3ZWQ27S93Y;
				ENABLE_NS_ASSERTIONS = NO;
				ENABLE_STRICT_OBJC_MSGSEND = YES;
				ENABLE_USER_SCRIPT_SANDBOXING = YES;
				GCC_C_LANGUAGE_STANDARD = gnu17;
				GCC_NO_COMMON_BLOCKS = YES;
				GCC_WARN_64_TO_32_BIT_CONVERSION = YES;
				GCC_WARN_ABOUT_RETURN_TYPE = YES_ERROR;
				GCC_WARN_UNDECLARED_SELECTOR = YES;
				GCC_WARN_UNINITIALIZED_AUTOS = YES_AGGRESSIVE;
				GCC_WARN_UNUSED_FUNCTION = YES;
				GCC_WARN_UNUSED_VARIABLE = YES;
				IPHONEOS_DEPLOYMENT_TARGET = 17.5;
				LOCALIZATION_PREFERS_STRING_CATALOGS = YES;
				MTL_ENABLE_DEBUG_INFO = NO;
				MTL_FAST_MATH = YES;
				SDKROOT = iphoneos;
				STRING_CATALOG_GENERATE_SYMBOLS = YES;
				SWIFT_COMPILATION_MODE = wholemodule;
				VALIDATE_PRODUCT = YES;
			};
			name = Release;
		};
		14DB30B72C0FD18A0050A6A9 /* Debug */ = {
			isa = XCBuildConfiguration;
			buildSettings = {
				ASSETCATALOG_COMPILER_APPICON_NAME = BACApp4;
				ASSETCATALOG_COMPILER_GLOBAL_ACCENT_COLOR_NAME = AccentColor;
				ASSETCATALOG_COMPILER_INCLUDE_ALL_APPICON_ASSETS = YES;
				CODE_SIGN_STYLE = Automatic;
				CURRENT_PROJECT_VERSION = 10;
				DEVELOPMENT_ASSET_PATHS = "\"BetterBAC/Preview Content\"";
				ENABLE_PREVIEWS = YES;
				GENERATE_INFOPLIST_FILE = YES;
				INFOPLIST_FILE = BetterBAC/Info.plist;
				INFOPLIST_KEY_CFBundleDisplayName = ClearBAC;
				INFOPLIST_KEY_LSApplicationCategoryType = "public.app-category.food-and-drink";
				INFOPLIST_KEY_NSUserTrackingUsageDescription = "This app uses advertising to support development. Your data helps us show relevant ads.";
				INFOPLIST_KEY_UIApplicationSceneManifest_Generation = YES;
				INFOPLIST_KEY_UIApplicationSupportsIndirectInputEvents = YES;
				INFOPLIST_KEY_UILaunchScreen_Generation = YES;
				INFOPLIST_KEY_UISupportedInterfaceOrientations = UIInterfaceOrientationPortrait;
				INFOPLIST_KEY_UISupportedInterfaceOrientations_iPad = "UIInterfaceOrientationLandscapeLeft UIInterfaceOrientationLandscapeRight UIInterfaceOrientationPortrait UIInterfaceOrientationPortraitUpsideDown";
				IPHONEOS_DEPLOYMENT_TARGET = 17.6;
				LD_RUNPATH_SEARCH_PATHS = (
					"$(inherited)",
					"@executable_path/Frameworks",
				);
				MARKETING_VERSION = 2.0.1;
				PRODUCT_BUNDLE_IDENTIFIER = com.ZackWilson.BetterBAC;
				PRODUCT_NAME = "$(TARGET_NAME)";
				SUPPORTED_PLATFORMS = "iphoneos iphonesimulator";
				SUPPORTS_MACCATALYST = NO;
				SWIFT_EMIT_LOC_STRINGS = YES;
				SWIFT_VERSION = 5.0;
				TARGETED_DEVICE_FAMILY = 1;
			};
			name = Debug;
		};
		14DB30B82C0FD18A0050A6A9 /* Release */ = {
			isa = XCBuildConfiguration;
			buildSettings = {
				ASSETCATALOG_COMPILER_APPICON_NAME = BACApp4;
				ASSETCATALOG_COMPILER_GLOBAL_ACCENT_COLOR_NAME = AccentColor;
				ASSETCATALOG_COMPILER_INCLUDE_ALL_APPICON_ASSETS = YES;
				CODE_SIGN_STYLE = Automatic;
				CURRENT_PROJECT_VERSION = 10;
				DEVELOPMENT_ASSET_PATHS = "\"BetterBAC/Preview Content\"";
				ENABLE_PREVIEWS = YES;
				GENERATE_INFOPLIST_FILE = YES;
				INFOPLIST_FILE = BetterBAC/Info.plist;
				INFOPLIST_KEY_CFBundleDisplayName = ClearBAC;
				INFOPLIST_KEY_LSApplicationCategoryType = "public.app-category.food-and-drink";
				INFOPLIST_KEY_NSUserTrackingUsageDescription = "This app uses advertising to support development. Your data helps us show relevant ads.";
				INFOPLIST_KEY_UIApplicationSceneManifest_Generation = YES;
				INFOPLIST_KEY_UIApplicationSupportsIndirectInputEvents = YES;
				INFOPLIST_KEY_UILaunchScreen_Generation = YES;
				INFOPLIST_KEY_UISupportedInterfaceOrientations = UIInterfaceOrientationPortrait;
				INFOPLIST_KEY_UISupportedInterfaceOrientations_iPad = "UIInterfaceOrientationLandscapeLeft UIInterfaceOrientationLandscapeRight UIInterfaceOrientationPortrait UIInterfaceOrientationPortraitUpsideDown";
				IPHONEOS_DEPLOYMENT_TARGET = 17.6;
				LD_RUNPATH_SEARCH_PATHS = (
					"$(inherited)",
					"@executable_path/Frameworks",
				);
				MARKETING_VERSION = 2.0.1;
				PRODUCT_BUNDLE_IDENTIFIER = com.ZackWilson.BetterBAC;
				PRODUCT_NAME = "$(TARGET_NAME)";
				SUPPORTED_PLATFORMS = "iphoneos iphonesimulator";
				SUPPORTS_MACCATALYST = NO;
				SWIFT_EMIT_LOC_STRINGS = YES;
				SWIFT_VERSION = 5.0;
				TARGETED_DEVICE_FAMILY = 1;
			};
			name = Release;
		};
/* End XCBuildConfiguration section */

/* Begin XCConfigurationList section */
		14DB30A32C0FD1890050A6A9 /* Build configuration list for PBXProject "BetterBAC" */ = {
			isa = XCConfigurationList;
			buildConfigurations = (
				14DB30B42C0FD18A0050A6A9 /* Debug */,
				14DB30B52C0FD18A0050A6A9 /* Release */,
			);
			defaultConfigurationIsVisible = 0;
			defaultConfigurationName = Release;
		};
		14DB30B62C0FD18A0050A6A9 /* Build configuration list for PBXNativeTarget "BetterBAC" */ = {
			isa = XCConfigurationList;
			buildConfigurations = (
				14DB30B72C0FD18A0050A6A9 /* Debug */,
				14DB30B82C0FD18A0050A6A9 /* Release */,
			);
			defaultConfigurationIsVisible = 0;
			defaultConfigurationName = Release;
		};
/* End XCConfigurationList section */

/* Begin XCRemoteSwiftPackageReference section */
		145001602EBC0FE200D32834 /* XCRemoteSwiftPackageReference "SwiftUI-ContributionChart" */ = {
			isa = XCRemoteSwiftPackageReference;
			repositoryURL = "https://github.com/VIkill33/SwiftUI-ContributionChart.git";
			requirement = {
				kind = upToNextMajorVersion;
				minimumVersion = 1.0.3;
			};
		};
		145001632EBC437700D32834 /* XCRemoteSwiftPackageReference "swift-package-manager-google-mobile-ads" */ = {
			isa = XCRemoteSwiftPackageReference;
			repositoryURL = "https://github.com/googleads/swift-package-manager-google-mobile-ads";
			requirement = {
				kind = upToNextMajorVersion;
				minimumVersion = 12.12.0;
			};
		};
/* End XCRemoteSwiftPackageReference section */

/* Begin XCSwiftPackageProductDependency section */
		145001612EBC0FE200D32834 /* ContributionChart */ = {
			isa = XCSwiftPackageProductDependency;
			package = 145001602EBC0FE200D32834 /* XCRemoteSwiftPackageReference "SwiftUI-ContributionChart" */;
			productName = ContributionChart;
		};
		145001642EBC437700D32834 /* GoogleMobileAds */ = {
			isa = XCSwiftPackageProductDependency;
			package = 145001632EBC437700D32834 /* XCRemoteSwiftPackageReference "swift-package-manager-google-mobile-ads" */;
			productName = GoogleMobileAds;
		};
/* End XCSwiftPackageProductDependency section */
	};
	rootObject = 14DB30A02C0FD1890050A6A9 /* Project object */;
}
